# This file was autogenerated by Stack.
# You should not edit this file by hand.
# For more information, please see the documentation at:
#   https://docs.haskellstack.org/en/stable/topics/lock_files

packages: []
snapshots:
- completed:
    sha256: e85be8e1cea054995a712424e442a762a542169fe2aff08357e0ecf645499a0c
    size: 723246
    url: https://raw.githubusercontent.com/commercialhaskell/stackage-snapshots/master/nightly/2025/7/8.yaml
  original: nightly-2025-07-08
